
Microsoft Visual Studio Solution File, Format Version 12.00
# Visual Studio Version 17
VisualStudioVersion = 17.11.35327.3
MinimumVisualStudioVersion = 10.0.40219.1
Project("{8BC9CEB8-8B4A-11D0-8D11-00A0C91BC942}") = "Isaac", "Isaac\Isaac.vcxproj", "{7FEB363D-D2D7-4112-918E-06774702E1EC}"
EndProject
Global
	GlobalSection(SolutionConfigurationPlatforms) = preSolution
		Debug|x64 = Debug|x64
		Debug|x86 = Debug|x86
		Release|x64 = Release|x64
		Release|x86 = Release|x86
	EndGlobalSection
	GlobalSection(ProjectConfigurationPlatforms) = postSolution
		{7FEB363D-D2D7-4112-918E-06774702E1EC}.Debug|x64.ActiveCfg = Debug|x64
		{7FEB363D-D2D7-4112-918E-06774702E1EC}.Debug|x64.Build.0 = Debug|x64
		{7FEB363D-D2D7-4112-918E-06774702E1EC}.Debug|x86.ActiveCfg = Debug|Win32
		{7FEB363D-D2D7-4112-918E-06774702E1EC}.Debug|x86.Build.0 = Debug|Win32
		{7FEB363D-D2D7-4112-918E-06774702E1EC}.Release|x64.ActiveCfg = Release|x64
		{7FEB363D-D2D7-4112-918E-06774702E1EC}.Release|x64.Build.0 = Release|x64
		{7FEB363D-D2D7-4112-918E-06774702E1EC}.Release|x86.ActiveCfg = Release|Win32
		{7FEB363D-D2D7-4112-918E-06774702E1EC}.Release|x86.Build.0 = Release|Win32
	EndGlobalSection
	GlobalSection(SolutionProperties) = preSolution
		HideSolutionNode = FALSE
	EndGlobalSection
	GlobalSection(ExtensibilityGlobals) = postSolution
		SolutionGuid = {53037DDE-9FB9-40D8-8973-CF20CA964D8B}
	EndGlobalSection
EndGlobal
